PODS:
  - Realm (5.3.4):
    - Realm/Headers (= 5.3.4)
  - Realm/Headers (5.3.4)
  - RealmSwift (5.3.4):
    - Realm (= 5.3.4)
  - SnapshotTesting (1.8.1)
  - SwiftLint (0.40.0)

DEPENDENCIES:
  - Realm
  - RealmSwift
  - SnapshotTesting (~> 1.8.1)
  - SwiftLint

SPEC REPOS:
  trunk:
    - Realm
    - RealmSwift
    - SnapshotTesting
    - SwiftLint

SPEC CHECKSUMS:
  Realm: 4dd457b6ed025041cf7efe05dae78c027ba842e0
  RealmSwift: 233af88fffe05ed7f9305eecef100d477c0c2c42
  SnapshotTesting: 0bf562bd74d3e9d053cd8f1123bd7b8913304df4
  SwiftLint: 4154893c73a4c52d6240195507eb7a3e3c64087e

PODFILE CHECKSUM: ee6353cb25d2db5202cbd6a2dd1fe91c494e9482

COCOAPODS: 1.9.3
